Microsoft Visual Studio Solution File, Format Version 12.00
# Visual Studio Version 17
VisualStudioVersion = 17.8.34330.188
MinimumVisualStudioVersion = 10.0.40219.1
Project("{FAE04EC0-301F-11D3-BF4B-00C04F79EFBC}") = "FamilyBudget.Core", "src\FamilyBudget.Core\FamilyBudget.Core.csproj", "{8C3BBE2D-2F4D-4E70-8DFC-8D4F4D3A5577}"
EndProject
Project("{FAE04EC0-301F-11D3-BF4B-00C04F79EFBC}") = "FamilyBudget.Desktop", "src\FamilyBudget.Desktop\FamilyBudget.Desktop.csproj", "{6D8E4E3B-BF85-49B0-AD47-21039A44B36C}"
EndProject
Global
    GlobalSection(SolutionConfigurationPlatforms) = preSolution
        Debug|Any CPU = Debug|Any CPU
        Release|Any CPU = Release|Any CPU
    EndGlobalSection
    GlobalSection(ProjectConfigurationPlatforms) = postSolution
        {8C3BBE2D-2F4D-4E70-8DFC-8D4F4D3A5577}.Debug|Any CPU.ActiveCfg = Debug|Any CPU
        {8C3BBE2D-2F4D-4E70-8DFC-8D4F4D3A5577}.Debug|Any CPU.Build.0 = Debug|Any CPU
        {8C3BBE2D-2F4D-4E70-8DFC-8D4F4D3A5577}.Release|Any CPU.ActiveCfg = Release|Any CPU
        {8C3BBE2D-2F4D-4E70-8DFC-8D4F4D3A5577}.Release|Any CPU.Build.0 = Release|Any CPU
        {6D8E4E3B-BF85-49B0-AD47-21039A44B36C}.Debug|Any CPU.ActiveCfg = Debug|Any CPU
        {6D8E4E3B-BF85-49B0-AD47-21039A44B36C}.Debug|Any CPU.Build.0 = Debug|Any CPU
        {6D8E4E3B-BF85-49B0-AD47-21039A44B36C}.Release|Any CPU.ActiveCfg = Release|Any CPU
        {6D8E4E3B-BF85-49B0-AD47-21039A44B36C}.Release|Any CPU.Build.0 = Release|Any CPU
    EndGlobalSection
    GlobalSection(SolutionProperties) = preSolution
        HideSolutionNode = FALSE
    EndGlobalSection
EndGlobal
