
Microsoft Visual Studio Solution File, Format Version 12.00
# Visual Studio 14
VisualStudioVersion = 14.0.25420.1
MinimumVisualStudioVersion = 10.0.40219.1
Project("{FAE04EC0-301F-11D3-BF4B-00C04F79EFBC}") = "SaleCalculator", "SaleCalculator\SaleCalculator.csproj", "{A46CE3EE-6601-4CD4-8514-8A4722BA31C9}"
EndProject
Global
	GlobalSection(SolutionConfigurationPlatforms) = preSolution
		Debug|Any CPU = Debug|Any CPU
		Release|Any CPU = Release|Any CPU
	EndGlobalSection
	GlobalSection(ProjectConfigurationPlatforms) = postSolution
		{A46CE3EE-6601-4CD4-8514-8A4722BA31C9}.Debug|Any CPU.ActiveCfg = Debug|Any CPU
		{A46CE3EE-6601-4CD4-8514-8A4722BA31C9}.Debug|Any CPU.Build.0 = Debug|Any CPU
		{A46CE3EE-6601-4CD4-8514-8A4722BA31C9}.Release|Any CPU.ActiveCfg = Release|Any CPU
		{A46CE3EE-6601-4CD4-8514-8A4722BA31C9}.Release|Any CPU.Build.0 = Release|Any CPU
	EndGlobalSection
	GlobalSection(SolutionProperties) = preSolution
		HideSolutionNode = FALSE
	EndGlobalSection
EndGlobal
